<?xml version="1.0" encoding="utf-8"?>
<Project ToolsVersion="4.0" xmlns="http://schemas.microsoft.com/developer/msbuild/2003">
  <ItemGroup>
    <Filter Include="Source Files">
      <UniqueIdentifier>{4FC737F1-C7A5-4376-A066-2A32D752A2FF}</UniqueIdentifier>
      <Extensions>cpp;c;cc;cxx;c++;cppm;ixx;def;odl;idl;hpj;bat;asm;asmx</Extensions>
    </Filter>
    <Filter Include="Header Files">
      <UniqueIdentifier>{93995380-89BD-4b04-88EB-625FBE52EBFB}</UniqueIdentifier>
      <Extensions>h;hh;hpp;hxx;h++;hm;inl;inc;ipp;xsd</Extensions>
    </Filter>
    <Filter Include="Header Files\Quadtree_lib">
      <UniqueIdentifier>{1fc67539-aef2-4616-82c7-0540a917e8a4}</UniqueIdentifier>
    </Filter>
  </ItemGroup>
  <ItemGroup>
    <ClInclude Include="m_boundaries.h">
      <Filter>Header Files\Quadtree_lib</Filter>
    </ClInclude>
    <ClInclude Include="m_cluster_data.h">
      <Filter>Header Files\Quadtree_lib</Filter>
    </ClInclude>
    <ClInclude Include="m_clusterer.h">
      <Filter>Header Files\Quadtree_lib</Filter>
    </ClInclude>
    <ClInclude Include="m_picture_tree.h">
      <Filter>Header Files\Quadtree_lib</Filter>
    </ClInclude>
    <ClInclude Include="clusering_base.h">
      <Filter>Header Files</Filter>
    </ClInclude>
    <ClInclude Include="cluster_definition.h">
      <Filter>Header Files</Filter>
    </ClInclude>
    <ClInclude Include="file_loader.h">
      <Filter>Header Files</Filter>
    </ClInclude>
    <ClInclude Include="clustering_time_embed.h">
      <Filter>Header Files</Filter>
    </ClInclude>
    <ClInclude Include="utility.h">
      <Filter>Header Files</Filter>
    </ClInclude>
    <ClInclude Include="clustering_time.h">
      <Filter>Header Files</Filter>
    </ClInclude>
    <ClInclude Include="network.h">
      <Filter>Header Files</Filter>
    </ClInclude>
    <ClInclude Include="serializer.h">
      <Filter>Header Files</Filter>
    </ClInclude>
    <ClInclude Include="MTQueue.h">
      <Filter>Header Files</Filter>
    </ClInclude>
    <ClInclude Include="cluster_benchmark.h">
      <Filter>Header Files</Filter>
    </ClInclude>
    <ClInclude Include="file_saver.h">
      <Filter>Header Files</Filter>
    </ClInclude>
    <ClInclude Include="clustering_quadtree.h">
      <Filter>Header Files</Filter>
    </ClInclude>
    <ClInclude Include="clustering_baseline.h">
      <Filter>Header Files</Filter>
    </ClInclude>
  </ItemGroup>
  <ItemGroup>
    <ClCompile Include="clusering_base.cpp">
      <Filter>Source Files</Filter>
    </ClCompile>
    <ClCompile Include="file_loader.cpp">
      <Filter>Source Files</Filter>
    </ClCompile>
    <ClCompile Include="clustering_time_embed.cpp">
      <Filter>Source Files</Filter>
    </ClCompile>
    <ClCompile Include="clustering_time.cpp">
      <Filter>Source Files</Filter>
    </ClCompile>
    <ClCompile Include="serializer.cpp">
      <Filter>Source Files</Filter>
    </ClCompile>
    <ClCompile Include="cluster_benchmark.cpp">
      <Filter>Source Files</Filter>
    </ClCompile>
    <ClCompile Include="file_saver.cpp">
      <Filter>Source Files</Filter>
    </ClCompile>
    <ClCompile Include="clustering_quadtree.cpp">
      <Filter>Source Files</Filter>
    </ClCompile>
    <ClCompile Include="clustering_baseline.cpp">
      <Filter>Source Files</Filter>
    </ClCompile>
  </ItemGroup>
</Project>